// !$*UTF8*$!
{
	archiveVersion = 1;
	classes = {
	};
	objectVersion = 46;
	objects = {

/* Begin PBXBuildFile section */
		761704911CE271E400C3E500 /* SettingsViewController.swift in Sources */ = {isa = PBXBuildFile; fileRef = 761704901CE271E400C3E500 /* SettingsViewController.swift */; };
		7624F3C31CDC46DC00165BD7 /* CatchTableViewCell.swift in Sources */ = {isa = PBXBuildFile; fileRef = 7624F3C21CDC46DC00165BD7 /* CatchTableViewCell.swift */; };
		763632D11CB1B9C400A3EF43 /* AddCatchViewController.swift in Sources */ = {isa = PBXBuildFile; fileRef = 763632D01CB1B9C400A3EF43 /* AddCatchViewController.swift */; };
		763632D31CB1C34C00A3EF43 /* FBClient.swift in Sources */ = {isa = PBXBuildFile; fileRef = 763632D21CB1C34C00A3EF43 /* FBClient.swift */; };
		763632D51CB1CA3C00A3EF43 /* FBConstants.swift in Sources */ = {isa = PBXBuildFile; fileRef = 763632D41CB1CA3C00A3EF43 /* FBConstants.swift */; };
		763632D91CB1FE2400A3EF43 /* CoreDataStackManager.swift in Sources */ = {isa = PBXBuildFile; fileRef = 763632D81CB1FE2400A3EF43 /* CoreDataStackManager.swift */; };
		763632DB1CB1FE5600A3EF43 /* Catch.swift in Sources */ = {isa = PBXBuildFile; fileRef = 763632DA1CB1FE5600A3EF43 /* Catch.swift */; };
		766CC7941CAABC8800C229D5 /* AppDelegate.swift in Sources */ = {isa = PBXBuildFile; fileRef = 766CC7931CAABC8800C229D5 /* AppDelegate.swift */; };
		766CC7961CAABC8800C229D5 /* MapViewController.swift in Sources */ = {isa = PBXBuildFile; fileRef = 766CC7951CAABC8800C229D5 /* MapViewController.swift */; };
		766CC7981CAABC8800C229D5 /* ListViewController.swift in Sources */ = {isa = PBXBuildFile; fileRef = 766CC7971CAABC8800C229D5 /* ListViewController.swift */; };
		766CC79B1CAABC8800C229D5 /* Main.storyboard in Resources */ = {isa = PBXBuildFile; fileRef = 766CC7991CAABC8800C229D5 /* Main.storyboard */; };
		766CC79D1CAABC8800C229D5 /* Assets.xcassets in Resources */ = {isa = PBXBuildFile; fileRef = 766CC79C1CAABC8800C229D5 /* Assets.xcassets */; };
		766CC7A01CAABC8800C229D5 /* LaunchScreen.storyboard in Resources */ = {isa = PBXBuildFile; fileRef = 766CC79E1CAABC8800C229D5 /* LaunchScreen.storyboard */; };
		766CC7AB1CAABC8800C229D5 /* Fishing_BuddyTests.swift in Sources */ = {isa = PBXBuildFile; fileRef = 766CC7AA1CAABC8800C229D5 /* Fishing_BuddyTests.swift */; };
		766CC7B61CAABC8800C229D5 /* Fishing_BuddyUITests.swift in Sources */ = {isa = PBXBuildFile; fileRef = 766CC7B51CAABC8800C229D5 /* Fishing_BuddyUITests.swift */; };
		76E478A61CBD6D6100F022A5 /* FishingBuddy.xcdatamodeld in Sources */ = {isa = PBXBuildFile; fileRef = 76E478A41CBD6D6100F022A5 /* FishingBuddy.xcdatamodeld */; };
		76ED43AF1CDA2DB5004FB5B1 /* CatchAnnotation.swift in Sources */ = {isa = PBXBuildFile; fileRef = 76ED43AE1CDA2DB5004FB5B1 /* CatchAnnotation.swift */; };
/* End PBXBuildFile section */

/* Begin PBXContainerItemProxy section */
		766CC7A71CAABC8800C229D5 /* PBXContainerItemProxy */ = {
			isa = PBXContainerItemProxy;
			containerPortal = 766CC7881CAABC8700C229D5 /* Project object */;
			proxyType = 1;
			remoteGlobalIDString = 766CC78F1CAABC8700C229D5;
			remoteInfo = "Fishing Buddy";
		};
		766CC7B21CAABC8800C229D5 /* PBXContainerItemProxy */ = {
			isa = PBXContainerItemProxy;
			containerPortal = 766CC7881CAABC8700C229D5 /* Project object */;
			proxyType = 1;
			remoteGlobalIDString = 766CC78F1CAABC8700C229D5;
			remoteInfo = "Fishing Buddy";
		};
/* End PBXContainerItemProxy section */

/* Begin PBXFileReference section */
		761704901CE271E400C3E500 /* SettingsViewController.swift */ = {isa = PBXFileReference; fileEncoding = 4; lastKnownFileType = sourcecode.swift; path = SettingsViewController.swift; sourceTree = "<group>"; };
		7624F3C21CDC46DC00165BD7 /* CatchTableViewCell.swift */ = {isa = PBXFileReference; fileEncoding = 4; lastKnownFileType = sourcecode.swift; path = CatchTableViewCell.swift; sourceTree = "<group>"; };
		763632D01CB1B9C400A3EF43 /* AddCatchViewController.swift */ = {isa = PBXFileReference; fileEncoding = 4; lastKnownFileType = sourcecode.swift; path = AddCatchViewController.swift; sourceTree = "<group>"; };
		763632D21CB1C34C00A3EF43 /* FBClient.swift */ = {isa = PBXFileReference; fileEncoding = 4; lastKnownFileType = sourcecode.swift; path = FBClient.swift; sourceTree = "<group>"; };
		763632D41CB1CA3C00A3EF43 /* FBConstants.swift */ = {isa = PBXFileReference; fileEncoding = 4; lastKnownFileType = sourcecode.swift; path = FBConstants.swift; sourceTree = "<group>"; };
		763632D81CB1FE2400A3EF43 /* CoreDataStackManager.swift */ = {isa = PBXFileReference; fileEncoding = 4; lastKnownFileType = sourcecode.swift; path = CoreDataStackManager.swift; sourceTree = "<group>"; };
		763632DA1CB1FE5600A3EF43 /* Catch.swift */ = {isa = PBXFileReference; fileEncoding = 4; lastKnownFileType = sourcecode.swift; path = Catch.swift; sourceTree = "<group>"; };
		766CC7901CAABC8700C229D5 /* Fishing Buddy.app */ = {isa = PBXFileReference; explicitFileType = wrapper.application; includeInIndex = 0; path = "Fishing Buddy.app"; sourceTree = BUILT_PRODUCTS_DIR; };
		766CC7931CAABC8800C229D5 /* AppDelegate.swift */ = {isa = PBXFileReference; lastKnownFileType = sourcecode.swift; path = AppDelegate.swift; sourceTree = "<group>"; };
		766CC7951CAABC8800C229D5 /* MapViewController.swift */ = {isa = PBXFileReference; lastKnownFileType = sourcecode.swift; path = MapViewController.swift; sourceTree = "<group>"; };
		766CC7971CAABC8800C229D5 /* ListViewController.swift */ = {isa = PBXFileReference; lastKnownFileType = sourcecode.swift; path = ListViewController.swift; sourceTree = "<group>"; };
		766CC79A1CAABC8800C229D5 /* Base */ = {isa = PBXFileReference; lastKnownFileType = file.storyboard; name = Base; path = Base.lproj/Main.storyboard; sourceTree = "<group>"; };
		766CC79C1CAABC8800C229D5 /* Assets.xcassets */ = {isa = PBXFileReference; lastKnownFileType = folder.assetcatalog; path = Assets.xcassets; sourceTree = "<group>"; };
		766CC79F1CAABC8800C229D5 /* Base */ = {isa = PBXFileReference; lastKnownFileType = file.storyboard; name = Base; path = Base.lproj/LaunchScreen.storyboard; sourceTree = "<group>"; };
		766CC7A11CAABC8800C229D5 /* Info.plist */ = {isa = PBXFileReference; lastKnownFileType = text.plist.xml; path = Info.plist; sourceTree = "<group>"; };
		766CC7A61CAABC8800C229D5 /* Fishing BuddyTests.xctest */ = {isa = PBXFileReference; explicitFileType = wrapper.cfbundle; includeInIndex = 0; path = "Fishing BuddyTests.xctest"; sourceTree = BUILT_PRODUCTS_DIR; };
		766CC7AA1CAABC8800C229D5 /* Fishing_BuddyTests.swift */ = {isa = PBXFileReference; lastKnownFileType = sourcecode.swift; path = Fishing_BuddyTests.swift; sourceTree = "<group>"; };
		766CC7AC1CAABC8800C229D5 /* Info.plist */ = {isa = PBXFileReference; lastKnownFileType = text.plist.xml; path = Info.plist; sourceTree = "<group>"; };
		766CC7B11CAABC8800C229D5 /* Fishing BuddyUITests.xctest */ = {isa = PBXFileReference; explicitFileType = wrapper.cfbundle; includeInIndex = 0; path = "Fishing BuddyUITests.xctest"; sourceTree = BUILT_PRODUCTS_DIR; };
		766CC7B51CAABC8800C229D5 /* Fishing_BuddyUITests.swift */ = {isa = PBXFileReference; lastKnownFileType = sourcecode.swift; path = Fishing_BuddyUITests.swift; sourceTree = "<group>"; };
		766CC7B71CAABC8800C229D5 /* Info.plist */ = {isa = PBXFileReference; lastKnownFileType = text.plist.xml; path = Info.plist; sourceTree = "<group>"; };
		76E478A51CBD6D6100F022A5 /* FishingBuddy.xcdatamodel */ = {isa = PBXFileReference; lastKnownFileType = wrapper.xcdatamodel; path = FishingBuddy.xcdatamodel; sourceTree = "<group>"; };
		76ED43AE1CDA2DB5004FB5B1 /* CatchAnnotation.swift */ = {isa = PBXFileReference; fileEncoding = 4; lastKnownFileType = sourcecode.swift; path = CatchAnnotation.swift; sourceTree = "<group>"; };
/* End PBXFileReference section */

/* Begin PBXFrameworksBuildPhase section */
		766CC78D1CAABC8700C229D5 /* Frameworks */ = {
			isa = PBXFrameworksBuildPhase;
			buildActionMask = 2147483647;
			files = (
			);
			runOnlyForDeploymentPostprocessing = 0;
		};
		766CC7A31CAABC8800C229D5 /* Frameworks */ = {
			isa = PBXFrameworksBuildPhase;
			buildActionMask = 2147483647;
			files = (
			);
			runOnlyForDeploymentPostprocessing = 0;
		};
		766CC7AE1CAABC8800C229D5 /* Frameworks */ = {
			isa = PBXFrameworksBuildPhase;
			buildActionMask = 2147483647;
			files = (
			);
			runOnlyForDeploymentPostprocessing = 0;
		};
/* End PBXFrameworksBuildPhase section */

/* Begin PBXGroup section */
		763632D61CB1CA4800A3EF43 /* Client */ = {
			isa = PBXGroup;
			children = (
				763632D41CB1CA3C00A3EF43 /* FBConstants.swift */,
				763632D21CB1C34C00A3EF43 /* FBClient.swift */,
			);
			name = Client;
			sourceTree = "<group>";
		};
		763632D71CB1CA5200A3EF43 /* View Controllers */ = {
			isa = PBXGroup;
			children = (
				766CC7951CAABC8800C229D5 /* MapViewController.swift */,
				76ED43AE1CDA2DB5004FB5B1 /* CatchAnnotation.swift */,
				7624F3C21CDC46DC00165BD7 /* CatchTableViewCell.swift */,
				766CC7971CAABC8800C229D5 /* ListViewController.swift */,
				763632D01CB1B9C400A3EF43 /* AddCatchViewController.swift */,
				761704901CE271E400C3E500 /* SettingsViewController.swift */,
			);
			name = "View Controllers";
			sourceTree = "<group>";
		};
		763632DC1CB1FE5E00A3EF43 /* Model */ = {
			isa = PBXGroup;
			children = (
				763632DA1CB1FE5600A3EF43 /* Catch.swift */,
			);
			name = Model;
			sourceTree = "<group>";
		};
		766CC7871CAABC8700C229D5 = {
			isa = PBXGroup;
			children = (
				766CC7921CAABC8800C229D5 /* Fishing Buddy */,
				766CC7A91CAABC8800C229D5 /* Fishing BuddyTests */,
				766CC7B41CAABC8800C229D5 /* Fishing BuddyUITests */,
				766CC7911CAABC8700C229D5 /* Products */,
			);
			sourceTree = "<group>";
		};
		766CC7911CAABC8700C229D5 /* Products */ = {
			isa = PBXGroup;
			children = (
				766CC7901CAABC8700C229D5 /* Fishing Buddy.app */,
				766CC7A61CAABC8800C229D5 /* Fishing BuddyTests.xctest */,
				766CC7B11CAABC8800C229D5 /* Fishing BuddyUITests.xctest */,
			);
			name = Products;
			sourceTree = "<group>";
		};
		766CC7921CAABC8800C229D5 /* Fishing Buddy */ = {
			isa = PBXGroup;
			children = (
				766CC7931CAABC8800C229D5 /* AppDelegate.swift */,
				763632D81CB1FE2400A3EF43 /* CoreDataStackManager.swift */,
				76E478A41CBD6D6100F022A5 /* FishingBuddy.xcdatamodeld */,
				766CC7991CAABC8800C229D5 /* Main.storyboard */,
				763632DC1CB1FE5E00A3EF43 /* Model */,
				763632D61CB1CA4800A3EF43 /* Client */,
				763632D71CB1CA5200A3EF43 /* View Controllers */,
				766CC79C1CAABC8800C229D5 /* Assets.xcassets */,
				766CC79E1CAABC8800C229D5 /* LaunchScreen.storyboard */,
				766CC7A11CAABC8800C229D5 /* Info.plist */,
			);
			path = "Fishing Buddy";
			sourceTree = "<group>";
		};
		766CC7A91CAABC8800C229D5 /* Fishing BuddyTests */ = {
			isa = PBXGroup;
			children = (
				766CC7AA1CAABC8800C229D5 /* Fishing_BuddyTests.swift */,
				766CC7AC1CAABC8800C229D5 /* Info.plist */,
			);
			path = "Fishing BuddyTests";
			sourceTree = "<group>";
		};
		766CC7B41CAABC8800C229D5 /* Fishing BuddyUITests */ = {
			isa = PBXGroup;
			children = (
				766CC7B51CAABC8800C229D5 /* Fishing_BuddyUITests.swift */,
				766CC7B71CAABC8800C229D5 /* Info.plist */,
			);
			path = "Fishing BuddyUITests";
			sourceTree = "<group>";
		};
/* End PBXGroup section */

/* Begin PBXNativeTarget section */
		766CC78F1CAABC8700C229D5 /* Fishing Buddy */ = {
			isa = PBXNativeTarget;
			buildConfigurationList = 766CC7BA1CAABC8800C229D5 /* Build configuration list for PBXNativeTarget "Fishing Buddy" */;
			buildPhases = (
				766CC78C1CAABC8700C229D5 /* Sources */,
				766CC78D1CAABC8700C229D5 /* Frameworks */,
				766CC78E1CAABC8700C229D5 /* Resources */,
			);
			buildRules = (
			);
			dependencies = (
			);
			name = "Fishing Buddy";
			productName = "Fishing Buddy";
			productReference = 766CC7901CAABC8700C229D5 /* Fishing Buddy.app */;
			productType = "com.apple.product-type.application";
		};
		766CC7A51CAABC8800C229D5 /* Fishing BuddyTests */ = {
			isa = PBXNativeTarget;
			buildConfigurationList = 766CC7BD1CAABC8800C229D5 /* Build configuration list for PBXNativeTarget "Fishing BuddyTests" */;
			buildPhases = (
				766CC7A21CAABC8800C229D5 /* Sources */,
				766CC7A31CAABC8800C229D5 /* Frameworks */,
				766CC7A41CAABC8800C229D5 /* Resources */,
			);
			buildRules = (
			);
			dependencies = (
				766CC7A81CAABC8800C229D5 /* PBXTargetDependency */,
			);
			name = "Fishing BuddyTests";
			productName = "Fishing BuddyTests";
			productReference = 766CC7A61CAABC8800C229D5 /* Fishing BuddyTests.xctest */;
			productType = "com.apple.product-type.bundle.unit-test";
		};
		766CC7B01CAABC8800C229D5 /* Fishing BuddyUITests */ = {
			isa = PBXNativeTarget;
			buildConfigurationList = 766CC7C01CAABC8800C229D5 /* Build configuration list for PBXNativeTarget "Fishing BuddyUITests" */;
			buildPhases = (
				766CC7AD1CAABC8800C229D5 /* Sources */,
				766CC7AE1CAABC8800C229D5 /* Frameworks */,
				766CC7AF1CAABC8800C229D5 /* Resources */,
			);
			buildRules = (
			);
			dependencies = (
				766CC7B31CAABC8800C229D5 /* PBXTargetDependency */,
			);
			name = "Fishing BuddyUITests";
			productName = "Fishing BuddyUITests";
			productReference = 766CC7B11CAABC8800C229D5 /* Fishing BuddyUITests.xctest */;
			productType = "com.apple.product-type.bundle.ui-testing";
		};
/* End PBXNativeTarget section */

/* Begin PBXProject section */
		766CC7881CAABC8700C229D5 /* Project object */ = {
			isa = PBXProject;
			attributes = {
				LastSwiftUpdateCheck = 0730;
				LastUpgradeCheck = 0730;
				ORGANIZATIONNAME = "Ed Ballington";
				TargetAttributes = {
					766CC78F1CAABC8700C229D5 = {
						CreatedOnToolsVersion = 7.3;
						DevelopmentTeam = CZDK9JC4YC;
					};
					766CC7A51CAABC8800C229D5 = {
						CreatedOnToolsVersion = 7.3;
						TestTargetID = 766CC78F1CAABC8700C229D5;
					};
					766CC7B01CAABC8800C229D5 = {
						CreatedOnToolsVersion = 7.3;
						TestTargetID = 766CC78F1CAABC8700C229D5;
					};
				};
			};
			buildConfigurationList = 766CC78B1CAABC8700C229D5 /* Build configuration list for PBXProject "Fishing Buddy" */;
			compatibilityVersion = "Xcode 3.2";
			developmentRegion = English;
			hasScannedForEncodings = 0;
			knownRegions = (
				en,
				Base,
			);
			mainGroup = 766CC7871CAABC8700C229D5;
			productRefGroup = 766CC7911CAABC8700C229D5 /* Products */;
			projectDirPath = "";
			projectRoot = "";
			targets = (
				766CC78F1CAABC8700C229D5 /* Fishing Buddy */,
				766CC7A51CAABC8800C229D5 /* Fishing BuddyTests */,
				766CC7B01CAABC8800C229D5 /* Fishing BuddyUITests */,
			);
		};
/* End PBXProject section */

/* Begin PBXResourcesBuildPhase section */
		766CC78E1CAABC8700C229D5 /* Resources */ = {
			isa = PBXResourcesBuildPhase;
			buildActionMask = 2147483647;
			files = (
				766CC7A01CAABC8800C229D5 /* LaunchScreen.storyboard in Resources */,
				766CC79D1CAABC8800C229D5 /* Assets.xcassets in Resources */,
				766CC79B1CAABC8800C229D5 /* Main.storyboard in Resources */,
			);
			runOnlyForDeploymentPostprocessing = 0;
		};
		766CC7A41CAABC8800C229D5 /* Resources */ = {
			isa = PBXResourcesBuildPhase;
			buildActionMask = 2147483647;
			files = (
			);
			runOnlyForDeploymentPostprocessing = 0;
		};
		766CC7AF1CAABC8800C229D5 /* Resources */ = {
			isa = PBXResourcesBuildPhase;
			buildActionMask = 2147483647;
			files = (
			);
			runOnlyForDeploymentPostprocessing = 0;
		};
/* End PBXResourcesBuildPhase section */

/* Begin PBXSourcesBuildPhase section */
		766CC78C1CAABC8700C229D5 /* Sources */ = {
			isa = PBXSourcesBuildPhase;
			buildActionMask = 2147483647;
			files = (
				766CC7981CAABC8800C229D5 /* ListViewController.swift in Sources */,
				763632DB1CB1FE5600A3EF43 /* Catch.swift in Sources */,
				76E478A61CBD6D6100F022A5 /* FishingBuddy.xcdatamodeld in Sources */,
				763632D51CB1CA3C00A3EF43 /* FBConstants.swift in Sources */,
				76ED43AF1CDA2DB5004FB5B1 /* CatchAnnotation.swift in Sources */,
				763632D31CB1C34C00A3EF43 /* FBClient.swift in Sources */,
				763632D91CB1FE2400A3EF43 /* CoreDataStackManager.swift in Sources */,
				766CC7941CAABC8800C229D5 /* AppDelegate.swift in Sources */,
				7624F3C31CDC46DC00165BD7 /* CatchTableViewCell.swift in Sources */,
				763632D11CB1B9C400A3EF43 /* AddCatchViewController.swift in Sources */,
				766CC7961CAABC8800C229D5 /* MapViewController.swift in Sources */,
				761704911CE271E400C3E500 /* SettingsViewController.swift in Sources */,
			);
			runOnlyForDeploymentPostprocessing = 0;
		};
		766CC7A21CAABC8800C229D5 /* Sources */ = {
			isa = PBXSourcesBuildPhase;
			buildActionMask = 2147483647;
			files = (
				766CC7AB1CAABC8800C229D5 /* Fishing_BuddyTests.swift in Sources */,
			);
			runOnlyForDeploymentPostprocessing = 0;
		};
		766CC7AD1CAABC8800C229D5 /* Sources */ = {
			isa = PBXSourcesBuildPhase;
			buildActionMask = 2147483647;
			files = (
				766CC7B61CAABC8800C229D5 /* Fishing_BuddyUITests.swift in Sources */,
			);
			runOnlyForDeploymentPostprocessing = 0;
		};
/* End PBXSourcesBuildPhase section */

/* Begin PBXTargetDependency section */
		766CC7A81CAABC8800C229D5 /* PBXTargetDependency */ = {
			isa = PBXTargetDependency;
			target = 766CC78F1CAABC8700C229D5 /* Fishing Buddy */;
			targetProxy = 766CC7A71CAABC8800C229D5 /* PBXContainerItemProxy */;
		};
		766CC7B31CAABC8800C229D5 /* PBXTargetDependency */ = {
			isa = PBXTargetDependency;
			target = 766CC78F1CAABC8700C229D5 /* Fishing Buddy */;
			targetProxy = 766CC7B21CAABC8800C229D5 /* PBXContainerItemProxy */;
		};
/* End PBXTargetDependency section */

/* Begin PBXVariantGroup section */
		766CC7991CAABC8800C229D5 /* Main.storyboard */ = {
			isa = PBXVariantGroup;
			children = (
				766CC79A1CAABC8800C229D5 /* Base */,
			);
			name = Main.storyboard;
			sourceTree = "<group>";
		};
		766CC79E1CAABC8800C229D5 /* LaunchScreen.storyboard */ = {
			isa = PBXVariantGroup;
			children = (
				766CC79F1CAABC8800C229D5 /* Base */,
			);
			name = LaunchScreen.storyboard;
			sourceTree = "<group>";
		};
/* End PBXVariantGroup section */

/* Begin XCBuildConfiguration section */
		766CC7B81CAABC8800C229D5 /* Debug */ = {
			isa = XCBuildConfiguration;
			buildSettings = {
				ALWAYS_SEARCH_USER_PATHS = NO;
				CLANG_ANALYZER_NONNULL = YES;
				CLANG_CXX_LANGUAGE_STANDARD = "gnu++0x";
				CLANG_CXX_LIBRARY = "libc++";
				CLANG_ENABLE_MODULES = YES;
				CLANG_ENABLE_OBJC_ARC = YES;
				CLANG_WARN_BOOL_CONVERSION = YES;
				CLANG_WARN_CONSTANT_CONVERSION = YES;
				CLANG_WARN_DIRECT_OBJC_ISA_USAGE = YES_ERROR;
				CLANG_WARN_EMPTY_BODY = YES;
				CLANG_WARN_ENUM_CONVERSION = YES;
				CLANG_WARN_INT_CONVERSION = YES;
				CLANG_WARN_OBJC_ROOT_CLASS = YES_ERROR;
				CLANG_WARN_UNREACHABLE_CODE = YES;
				CLANG_WARN__DUPLICATE_METHOD_MATCH = YES;
				"CODE_SIGN_IDENTITY[sdk=iphoneos*]" = "iPhone Developer";
				COPY_PHASE_STRIP = NO;
				DEBUG_INFORMATION_FORMAT = dwarf;
				ENABLE_STRICT_OBJC_MSGSEND = YES;
				ENABLE_TESTABILITY = YES;
				GCC_C_LANGUAGE_STANDARD = gnu99;
				GCC_DYNAMIC_NO_PIC = NO;
				GCC_NO_COMMON_BLOCKS = YES;
				GCC_OPTIMIZATION_LEVEL = 0;
				GCC_PREPROCESSOR_DEFINITIONS = (
					"DEBUG=1",
					"$(inherited)",
				);
				GCC_WARN_64_TO_32_BIT_CONVERSION = YES;
				GCC_WARN_ABOUT_RETURN_TYPE = YES_ERROR;
				GCC_WARN_UNDECLARED_SELECTOR = YES;
				GCC_WARN_UNINITIALIZED_AUTOS = YES_AGGRESSIVE;
				GCC_WARN_UNUSED_FUNCTION = YES;
				GCC_WARN_UNUSED_VARIABLE = YES;
				IPHONEOS_DEPLOYMENT_TARGET = 9.3;
				MTL_ENABLE_DEBUG_INFO = YES;
				ONLY_ACTIVE_ARCH = YES;
				SDKROOT = iphoneos;
				SWIFT_OPTIMIZATION_LEVEL = "-Onone";
			};
			name = Debug;
		};
		766CC7B91CAABC8800C229D5 /* Release */ = {
			isa = XCBuildConfiguration;
			buildSettings = {
				ALWAYS_SEARCH_USER_PATHS = NO;
				CLANG_ANALYZER_NONNULL = YES;
				CLANG_CXX_LANGUAGE_STANDARD = "gnu++0x";
				CLANG_CXX_LIBRARY = "libc++";
				CLANG_ENABLE_MODULES = YES;
				CLANG_ENABLE_OBJC_ARC = YES;
				CLANG_WARN_BOOL_CONVERSION = YES;
				CLANG_WARN_CONSTANT_CONVERSION = YES;
				CLANG_WARN_DIRECT_OBJC_ISA_USAGE = YES_ERROR;
				CLANG_WARN_EMPTY_BODY = YES;
				CLANG_WARN_ENUM_CONVERSION = YES;
				CLANG_WARN_INT_CONVERSION = YES;
				CLANG_WARN_OBJC_ROOT_CLASS = YES_ERROR;
				CLANG_WARN_UNREACHABLE_CODE = YES;
				CLANG_WARN__DUPLICATE_METHOD_MATCH = YES;
				"CODE_SIGN_IDENTITY[sdk=iphoneos*]" = "iPhone Developer";
				COPY_PHASE_STRIP = NO;
				DEBUG_INFORMATION_FORMAT = "dwarf-with-dsym";
				ENABLE_NS_ASSERTIONS = NO;
				ENABLE_STRICT_OBJC_MSGSEND = YES;
				GCC_C_LANGUAGE_STANDARD = gnu99;
				GCC_NO_COMMON_BLOCKS = YES;
				GCC_WARN_64_TO_32_BIT_CONVERSION = YES;
				GCC_WARN_ABOUT_RETURN_TYPE = YES_ERROR;
				GCC_WARN_UNDECLARED_SELECTOR = YES;
				GCC_WARN_UNINITIALIZED_AUTOS = YES_AGGRESSIVE;
				GCC_WARN_UNUSED_FUNCTION = YES;
				GCC_WARN_UNUSED_VARIABLE = YES;
				IPHONEOS_DEPLOYMENT_TARGET = 9.3;
				MTL_ENABLE_DEBUG_INFO = NO;
				SDKROOT = iphoneos;
				VALIDATE_PRODUCT = YES;
			};
			name = Release;
		};
		766CC7BB1CAABC8800C229D5 /* Debug */ = {
			isa = XCBuildConfiguration;
			buildSettings = {
				ASSETCATALOG_COMPILER_APPICON_NAME = AppIcon;
				CODE_SIGN_IDENTITY = "iPhone Developer";
				"CODE_SIGN_IDENTITY[sdk=iphoneos*]" = "iPhone Developer";
				INFOPLIST_FILE = "Fishing Buddy/Info.plist";
				LD_RUNPATH_SEARCH_PATHS = "$(inherited) @executable_path/Frameworks";
				PRODUCT_BUNDLE_IDENTIFIER = "Ed-Ballington.Fishing-Buddy";
				PRODUCT_NAME = "$(TARGET_NAME)";
				PROVISIONING_PROFILE = "";
			};
			name = Debug;
		};
		766CC7BC1CAABC8800C229D5 /* Release */ = {
			isa = XCBuildConfiguration;
			buildSettings = {
				ASSETCATALOG_COMPILER_APPICON_NAME = AppIcon;
				CODE_SIGN_IDENTITY = "iPhone Developer";
				"CODE_SIGN_IDENTITY[sdk=iphoneos*]" = "iPhone Developer";
				INFOPLIST_FILE = "Fishing Buddy/Info.plist";
				LD_RUNPATH_SEARCH_PATHS = "$(inherited) @executable_path/Frameworks";
				PRODUCT_BUNDLE_IDENTIFIER = "Ed-Ballington.Fishing-Buddy";
				PRODUCT_NAME = "$(TARGET_NAME)";
				PROVISIONING_PROFILE = "";
			};
			name = Release;
		};
		766CC7BE1CAABC8800C229D5 /* Debug */ = {
			isa = XCBuildConfiguration;
			buildSettings = {
				BUNDLE_LOADER = "$(TEST_HOST)";
				INFOPLIST_FILE = "Fishing BuddyTests/Info.plist";
				LD_RUNPATH_SEARCH_PATHS = "$(inherited) @executable_path/Frameworks @loader_path/Frameworks";
				PRODUCT_BUNDLE_IDENTIFIER = "Ed-Ballington.Fishing-BuddyTests";
				PRODUCT_NAME = "$(TARGET_NAME)";
				TEST_HOST = "$(BUILT_PRODUCTS_DIR)/Fishing Buddy.app/Fishing Buddy";
			};
			name = Debug;
		};
		766CC7BF1CAABC8800C229D5 /* Release */ = {
			isa = XCBuildConfiguration;
			buildSettings = {
				BUNDLE_LOADER = "$(TEST_HOST)";
				INFOPLIST_FILE = "Fishing BuddyTests/Info.plist";
				LD_RUNPATH_SEARCH_PATHS = "$(inherited) @executable_path/Frameworks @loader_path/Frameworks";
				PRODUCT_BUNDLE_IDENTIFIER = "Ed-Ballington.Fishing-BuddyTests";
				PRODUCT_NAME = "$(TARGET_NAME)";
				TEST_HOST = "$(BUILT_PRODUCTS_DIR)/Fishing Buddy.app/Fishing Buddy";
			};
			name = Release;
		};
		766CC7C11CAABC8800C229D5 /* Debug */ = {
			isa = XCBuildConfiguration;
			buildSettings = {
				INFOPLIST_FILE = "Fishing BuddyUITests/Info.plist";
				LD_RUNPATH_SEARCH_PATHS = "$(inherited) @executable_path/Frameworks @loader_path/Frameworks";
				PRODUCT_BUNDLE_IDENTIFIER = "Ed-Ballington.Fishing-BuddyUITests";
				PRODUCT_NAME = "$(TARGET_NAME)";
				TEST_TARGET_NAME = "Fishing Buddy";
			};
			name = Debug;
		};
		766CC7C21CAABC8800C229D5 /* Release */ = {
			isa = XCBuildConfiguration;
			buildSettings = {
				INFOPLIST_FILE = "Fishing BuddyUITests/Info.plist";
				LD_RUNPATH_SEARCH_PATHS = "$(inherited) @executable_path/Frameworks @loader_path/Frameworks";
				PRODUCT_BUNDLE_IDENTIFIER = "Ed-Ballington.Fishing-BuddyUITests";
				PRODUCT_NAME = "$(TARGET_NAME)";
				TEST_TARGET_NAME = "Fishing Buddy";
			};
			name = Release;
		};
/* End XCBuildConfiguration section */

/* Begin XCConfigurationList section */
		766CC78B1CAABC8700C229D5 /* Build configuration list for PBXProject "Fishing Buddy" */ = {
			isa = XCConfigurationList;
			buildConfigurations = (
				766CC7B81CAABC8800C229D5 /* Debug */,
				766CC7B91CAABC8800C229D5 /* Release */,
			);
			defaultConfigurationIsVisible = 0;
			defaultConfigurationName = Release;
		};
		766CC7BA1CAABC8800C229D5 /* Build configuration list for PBXNativeTarget "Fishing Buddy" */ = {
			isa = XCConfigurationList;
			buildConfigurations = (
				766CC7BB1CAABC8800C229D5 /* Debug */,
				766CC7BC1CAABC8800C229D5 /* Release */,
			);
			defaultConfigurationIsVisible = 0;
			defaultConfigurationName = Release;
		};
		766CC7BD1CAABC8800C229D5 /* Build configuration list for PBXNativeTarget "Fishing BuddyTests" */ = {
			isa = XCConfigurationList;
			buildConfigurations = (
				766CC7BE1CAABC8800C229D5 /* Debug */,
				766CC7BF1CAABC8800C229D5 /* Release */,
			);
			defaultConfigurationIsVisible = 0;
			defaultConfigurationName = Release;
		};
		766CC7C01CAABC8800C229D5 /* Build configuration list for PBXNativeTarget "Fishing BuddyUITests" */ = {
			isa = XCConfigurationList;
			buildConfigurations = (
				766CC7C11CAABC8800C229D5 /* Debug */,
				766CC7C21CAABC8800C229D5 /* Release */,
			);
			defaultConfigurationIsVisible = 0;
			defaultConfigurationName = Release;
		};
/* End XCConfigurationList section */

/* Begin XCVersionGroup section */
		76E478A41CBD6D6100F022A5 /* FishingBuddy.xcdatamodeld */ = {
			isa = XCVersionGroup;
			children = (
				76E478A51CBD6D6100F022A5 /* FishingBuddy.xcdatamodel */,
			);
			currentVersion = 76E478A51CBD6D6100F022A5 /* FishingBuddy.xcdatamodel */;
			path = FishingBuddy.xcdatamodeld;
			sourceTree = "<group>";
			versionGroupType = wrapper.xcdatamodel;
		};
/* End XCVersionGroup section */
	};
	rootObject = 766CC7881CAABC8700C229D5 /* Project object */;
}
